github.com/cnk3x/flags v0.3.2 h1:zV4USqwimJmG3g5EyNV0T28VsAHd9uqYGOcOhpDXbOg=
github.com/cnk3x/flags v0.3.2/go.mod h1:PXix1gE56E8XZA1ZBfWCGyFwZTPL4TkA3jA3D2AbrmQ=
github.com/cnk3x/flags v0.4.1 h1:Y6cXiGLFByT4vw/PnjGZ37Io3oO9Dr8JhWT6bTdTB+M=
github.com/cnk3x/flags v0.4.1/go.mod h1:O72yC9Pv2V98yI89VT43jcu1naG/JktM2Med/ZQ5+XE=
github.com/cnk3x/flags v0.5.0 h1:YvXsauhC7ygXE+wJs2RwMWx+Rp+gcX3FdlNWnqNVATA=
github.com/cnk3x/flags v0.5.0/go.mod h1:O72yC9Pv2V98yI89VT43jcu1naG/JktM2Med/ZQ5+XE=
github.com/cnk3x/flags v0.5.1 h1:NVVjWbdMJy8vUc7kTUhbNBmt4rWlVyqKhfWIYgOvIhQ=
github.com/cnk3x/flags v0.5.1/go.mod h1:O72yC9Pv2V98yI89VT43jcu1naG/JktM2Med/ZQ5+XE=
github.com/go-chi/chi/v5 v5.2.4 h1:WtFKPHwlywe8Srng8j2BhOD9312j9cGUxG1SP4V2cR4=
github.com/go-chi/chi/v5 v5.2.4/go.mod h1:X7Gx4mteadT3eDOMTsXzmI4/rwUpOwBHLpAfupzFJP0=
github.com/spf13/pflag v1.0.10 h1:4EBh2KAYBwaONj6b2Ye1GiHfwjqyROoF4RwYO+vPwFk=
github.com/spf13/pflag v1.0.10/go.mod h1:McXfInJRrz4CZXVZOBLb0bTZqETkiAhM9Iw0y3An2Bg=
github.com/ulikunitz/xz v0.5.15 h1:9DNdB5s+SgV3bQ2ApL10xRc35ck0DuIX/isZvIk+ubY=
github.com/ulikunitz/xz v0.5.15/go.mod h1:nbz6k7qbPmH4IRqmfOplQw/tblSgqTqBwxkY0oWt/14=
